<?xml version="1.0" encoding="utf-8"?>
<Project ToolsVersion="4.0" xmlns="http://schemas.microsoft.com/developer/msbuild/2003">
  <ItemGroup>
    <Filter Include="Source Files">
      <UniqueIdentifier>{4FC737F1-C7A5-4376-A066-2A32D752A2FF}</UniqueIdentifier>
      <Extensions>cpp;c;cc;cxx;c++;cppm;ixx;def;odl;idl;hpj;bat;asm;asmx</Extensions>
    </Filter>
    <Filter Include="Header Files">
      <UniqueIdentifier>{93995380-89BD-4b04-88EB-625FBE52EBFB}</UniqueIdentifier>
      <Extensions>h;hh;hpp;hxx;h++;hm;inl;inc;ipp;xsd</Extensions>
    </Filter>
    <Filter Include="Resource Files">
      <UniqueIdentifier>{67DA6AB6-F800-4c08-8B7A-83BB121AAD01}</UniqueIdentifier>
      <Extensions>rc;ico;cur;bmp;dlg;rc2;rct;bin;rgs;gif;jpg;jpeg;jpe;resx;tiff;tif;png;wav;mfcribbon-ms</Extensions>
    </Filter>
    <Filter Include="Source Files\Components">
      <UniqueIdentifier>{fd4ba28e-0d45-4258-816e-304d1b3164e1}</UniqueIdentifier>
    </Filter>
    <Filter Include="Source Files\Systems">
      <UniqueIdentifier>{d0ca66d4-3cc1-4bb8-a2a2-e4965cba2bcc}</UniqueIdentifier>
    </Filter>
    <Filter Include="Header Files\Components">
      <UniqueIdentifier>{9c05f131-d169-4df8-8b14-93c85de271cf}</UniqueIdentifier>
    </Filter>
    <Filter Include="Header Files\Systems">
      <UniqueIdentifier>{81908d44-7517-464d-9f25-f08e6ed28c7f}</UniqueIdentifier>
    </Filter>
    <Filter Include="Resource Files\Shaders">
      <UniqueIdentifier>{e1c4e29f-f3a8-4d8a-a665-802f4d2b409e}</UniqueIdentifier>
    </Filter>
    <Filter Include="Header Files\Animations">
      <UniqueIdentifier>{ce2f0c19-7ebb-4c98-b055-cf40cb0c74b8}</UniqueIdentifier>
    </Filter>
    <Filter Include="Source Files\Animations">
      <UniqueIdentifier>{6764b5fd-09f0-4bcd-8836-46685cab7750}</UniqueIdentifier>
    </Filter>
    <Filter Include="Header Files\World">
      <UniqueIdentifier>{6f64a6e3-515b-47af-8dc3-d92a6d5ee2bd}</UniqueIdentifier>
    </Filter>
    <Filter Include="Source Files\World">
      <UniqueIdentifier>{7a51d3f4-db25-4bea-b480-c63d875d9e9f}</UniqueIdentifier>
    </Filter>
  </ItemGroup>
  <ItemGroup>
    <ClCompile Include="src\main.cpp">
      <Filter>Source Files</Filter>
    </ClCompile>
    <ClCompile Include="src\PokemonGameDemo1.cpp">
      <Filter>Source Files</Filter>
    </ClCompile>
    <ClCompile Include="src\systems\system_RenderEntities.cpp">
      <Filter>Source Files\Systems</Filter>
    </ClCompile>
    <ClCompile Include="src\systems\system_Movement.cpp">
      <Filter>Source Files\Systems</Filter>
    </ClCompile>
    <ClCompile Include="SpriteAnimation.cpp">
      <Filter>Source Files\Animations</Filter>
    </ClCompile>
    <ClCompile Include="src\animations\OverworldSpriteMovementAnimation.cpp">
      <Filter>Source Files\Animations</Filter>
    </ClCompile>
    <ClCompile Include="src\world\Tilemap.cpp">
      <Filter>Source Files\World</Filter>
    </ClCompile>
    <ClCompile Include="src\world\GameMap.cpp">
      <Filter>Source Files\World</Filter>
    </ClCompile>
  </ItemGroup>
  <ItemGroup>
    <ClInclude Include="include\PokemonGameDemo1.h">
      <Filter>Header Files</Filter>
    </ClInclude>
    <ClInclude Include="include\components\component_Model.h">
      <Filter>Header Files\Components</Filter>
    </ClInclude>
    <ClInclude Include="include\components\component_Transform.h">
      <Filter>Header Files\Components</Filter>
    </ClInclude>
    <ClInclude Include="include\systems\system_RenderEntities.h">
      <Filter>Header Files\Systems</Filter>
    </ClInclude>
    <ClInclude Include="include\components\component_Movement.h">
      <Filter>Header Files\Components</Filter>
    </ClInclude>
    <ClInclude Include="include\systems\system_Movement.h">
      <Filter>Header Files\Systems</Filter>
    </ClInclude>
    <ClInclude Include="include\animations\SpriteAnimation.h">
      <Filter>Header Files\Animations</Filter>
    </ClInclude>
    <ClInclude Include="include\animations\OverworldSpriteMovementAnimation.h">
      <Filter>Header Files\Animations</Filter>
    </ClInclude>
    <ClInclude Include="include\world\Tilemap.h">
      <Filter>Header Files\World</Filter>
    </ClInclude>
    <ClInclude Include="include\world\Tile.h">
      <Filter>Header Files\World</Filter>
    </ClInclude>
    <ClInclude Include="include\world\GameMap.h">
      <Filter>Header Files\World</Filter>
    </ClInclude>
  </ItemGroup>
  <ItemGroup>
    <None Include="assets\shaders\BasicBackpackFragment.fs">
      <Filter>Resource Files\Shaders</Filter>
    </None>
    <None Include="assets\shaders\BasicBackpackVertex.vs">
      <Filter>Resource Files\Shaders</Filter>
    </None>
    <None Include="assets\shaders\BasicFragment.fs">
      <Filter>Resource Files\Shaders</Filter>
    </None>
    <None Include="assets\shaders\BasicVertex.vs">
      <Filter>Resource Files\Shaders</Filter>
    </None>
    <None Include="assets\shaders\FramebufferFragment.fs">
      <Filter>Resource Files\Shaders</Filter>
    </None>
    <None Include="assets\shaders\FramebufferVertex.vs">
      <Filter>Resource Files\Shaders</Filter>
    </None>
    <None Include="assets\shaders\SkyboxFragment.fs">
      <Filter>Resource Files\Shaders</Filter>
    </None>
    <None Include="assets\shaders\SkyboxVertex.vs">
      <Filter>Resource Files\Shaders</Filter>
    </None>
    <None Include="assets\shaders\spriteFragment.fs">
      <Filter>Resource Files\Shaders</Filter>
    </None>
    <None Include="assets\shaders\spriteVertex.vs">
      <Filter>Resource Files\Shaders</Filter>
    </None>
  </ItemGroup>
</Project>